{
  "name": "talib-c",
  "version": "1.0.22",
  "lockfileVersion": 1,
  "requires": true,
  "dependencies": {
    "arr-diff": {
      "version": "http://registry.npmjs.org/arr-diff/-/arr-diff-2.0.0.tgz",
      "integrity": "sha1-jzuCf5Vai9ZpaX5KQlasPOrjVs8=",
      "requires": {
        "arr-flatten": "http://registry.npmjs.org/arr-flatten/-/arr-flatten-1.0.1.tgz"
      }
    },
    "arr-flatten": {
      "version": "http://registry.npmjs.org/arr-flatten/-/arr-flatten-1.0.1.tgz",
      "integrity": "sha1-5f/lTUXhnzLyFukeuZyM6JK7YEs="
    },
    "array-unique": {
      "version": "http://registry.npmjs.org/array-unique/-/array-unique-0.2.1.tgz",
      "integrity": "sha1-odl8yvy8JiXMcPrc6zalDFiwGlM="
    },
    "braces": {
      "version": "http://registry.npmjs.org/braces/-/braces-1.8.5.tgz",
      "integrity": "sha1-uneWLhLf+WnWt2cR6RS3N4V79qc=",
      "requires": {
        "expand-range": "http://registry.npmjs.org/expand-range/-/expand-range-1.8.2.tgz",
        "preserve": "http://registry.npmjs.org/preserve/-/preserve-0.2.0.tgz",
        "repeat-element": "http://registry.npmjs.org/repeat-element/-/repeat-element-1.1.2.tgz"
      }
    },
    "detect-file": {
      "version": "http://registry.npmjs.org/detect-file/-/detect-file-0.1.0.tgz",
      "integrity": "sha1-STXe39lIhkjgBrASlWbpOGcR6mM=",
      "requires": {
        "fs-exists-sync": "http://registry.npmjs.org/fs-exists-sync/-/fs-exists-sync-0.1.0.tgz"
      }
    },
    "edge": {
      "version": "github:tjanczuk/edge#3eb4f4e71e1b22c973568750802f6fba5ff4c051",
      "requires": {
        "edge-cs": "1.2.1",
        "nan": "2.7.0"
      }
    },
    "edge-cs": {
      "version": "1.2.1",
      "resolved": "https://registry.npmjs.org/edge-cs/-/edge-cs-1.2.1.tgz",
      "integrity": "sha1-vRqezblO8O1AyJRYIEZ0nlcEXlo="
    },
    "expand-brackets": {
      "version": "http://registry.npmjs.org/expand-brackets/-/expand-brackets-0.1.5.tgz",
      "integrity": "sha1-3wcoTjQqgHzXM6xa9yQR5YHRF3s=",
      "requires": {
        "is-posix-bracket": "http://registry.npmjs.org/is-posix-bracket/-/is-posix-bracket-0.1.1.tgz"
      }
    },
    "expand-range": {
      "version": "http://registry.npmjs.org/expand-range/-/expand-range-1.8.2.tgz",
      "integrity": "sha1-opnv/TNf4nIeuujiV+x5ZE/IUzc=",
      "requires": {
        "fill-range": "http://registry.npmjs.org/fill-range/-/fill-range-2.2.3.tgz"
      }
    },
    "expand-tilde": {
      "version": "http://registry.npmjs.org/expand-tilde/-/expand-tilde-1.2.2.tgz",
      "integrity": "sha1-C4HrqJflo9MdHD0QL48BRB5VlEk=",
      "requires": {
        "os-homedir": "http://registry.npmjs.org/os-homedir/-/os-homedir-1.0.2.tgz"
      }
    },
    "extglob": {
      "version": "http://registry.npmjs.org/extglob/-/extglob-0.3.2.tgz",
      "integrity": "sha1-Lhj/PS9JqydlzskCPwEdqo2DSaE=",
      "requires": {
        "is-extglob": "http://registry.npmjs.org/is-extglob/-/is-extglob-1.0.0.tgz"
      }
    },
    "filename-regex": {
      "version": "http://registry.npmjs.org/filename-regex/-/filename-regex-2.0.0.tgz",
      "integrity": "sha1-mW4+gEebmLmJfxWopYs9CE6SZ3U="
    },
    "fill-range": {
      "version": "http://registry.npmjs.org/fill-range/-/fill-range-2.2.3.tgz",
      "integrity": "sha1-ULd9/X5Gm8dJJHCWNpn+eoSFpyM=",
      "requires": {
        "is-number": "http://registry.npmjs.org/is-number/-/is-number-2.1.0.tgz",
        "isobject": "http://registry.npmjs.org/isobject/-/isobject-2.1.0.tgz",
        "randomatic": "http://registry.npmjs.org/randomatic/-/randomatic-1.1.6.tgz",
        "repeat-element": "http://registry.npmjs.org/repeat-element/-/repeat-element-1.1.2.tgz",
        "repeat-string": "http://registry.npmjs.org/repeat-string/-/repeat-string-1.6.1.tgz"
      }
    },
    "find-node-modules": {
      "version": "http://registry.npmjs.org/find-node-modules/-/find-node-modules-1.0.4.tgz",
      "integrity": "sha1-tt6zzMtpnIcDdne87eLF9YYrJVA=",
      "requires": {
        "findup-sync": "http://registry.npmjs.org/findup-sync/-/findup-sync-0.4.2.tgz",
        "merge": "http://registry.npmjs.org/merge/-/merge-1.2.0.tgz"
      }
    },
    "findup-sync": {
      "version": "http://registry.npmjs.org/findup-sync/-/findup-sync-0.4.2.tgz",
      "integrity": "sha1-qBF9D3MST1pFRoOVef5S1xKfteU=",
      "requires": {
        "detect-file": "http://registry.npmjs.org/detect-file/-/detect-file-0.1.0.tgz",
        "is-glob": "http://registry.npmjs.org/is-glob/-/is-glob-2.0.1.tgz",
        "micromatch": "http://registry.npmjs.org/micromatch/-/micromatch-2.3.11.tgz",
        "resolve-dir": "http://registry.npmjs.org/resolve-dir/-/resolve-dir-0.1.1.tgz"
      }
    },
    "for-in": {
      "version": "http://registry.npmjs.org/for-in/-/for-in-1.0.2.tgz",
      "integrity": "sha1-gQaNKVqBQuwKxybG4iAMMPttXoA="
    },
    "for-own": {
      "version": "http://registry.npmjs.org/for-own/-/for-own-0.1.5.tgz",
      "integrity": "sha1-UmXGgaTylNq78XyVCbZ2OqhFEM4=",
      "requires": {
        "for-in": "http://registry.npmjs.org/for-in/-/for-in-1.0.2.tgz"
      }
    },
    "fs-exists-sync": {
      "version": "http://registry.npmjs.org/fs-exists-sync/-/fs-exists-sync-0.1.0.tgz",
      "integrity": "sha1-mC1ok6+RjnLQjeyehnP/K1qNat0="
    },
    "glob-base": {
      "version": "http://registry.npmjs.org/glob-base/-/glob-base-0.3.0.tgz",
      "integrity": "sha1-27Fk9iIbHAscz4Kuoyi0l98Oo8Q=",
      "requires": {
        "glob-parent": "http://registry.npmjs.org/glob-parent/-/glob-parent-2.0.0.tgz",
        "is-glob": "http://registry.npmjs.org/is-glob/-/is-glob-2.0.1.tgz"
      }
    },
    "glob-parent": {
      "version": "http://registry.npmjs.org/glob-parent/-/glob-parent-2.0.0.tgz",
      "integrity": "sha1-gTg9ctsFT8zPUzbaqQLxgvbtuyg=",
      "requires": {
        "is-glob": "http://registry.npmjs.org/is-glob/-/is-glob-2.0.1.tgz"
      }
    },
    "global-modules": {
      "version": "http://registry.npmjs.org/global-modules/-/global-modules-0.2.3.tgz",
      "integrity": "sha1-6lo77ULG1s6ZWk+KEmm12uIjgo0=",
      "requires": {
        "global-prefix": "http://registry.npmjs.org/global-prefix/-/global-prefix-0.1.5.tgz",
        "is-windows": "http://registry.npmjs.org/is-windows/-/is-windows-0.2.0.tgz"
      }
    },
    "global-prefix": {
      "version": "http://registry.npmjs.org/global-prefix/-/global-prefix-0.1.5.tgz",
      "integrity": "sha1-jTvGuNo8qBEqFg2NSW/wRiv+948=",
      "requires": {
        "homedir-polyfill": "http://registry.npmjs.org/homedir-polyfill/-/homedir-polyfill-1.0.1.tgz",
        "ini": "http://registry.npmjs.org/ini/-/ini-1.3.4.tgz",
        "is-windows": "http://registry.npmjs.org/is-windows/-/is-windows-0.2.0.tgz",
        "which": "http://registry.npmjs.org/which/-/which-1.2.12.tgz"
      }
    },
    "homedir-polyfill": {
      "version": "http://registry.npmjs.org/homedir-polyfill/-/homedir-polyfill-1.0.1.tgz",
      "integrity": "sha1-TCu8inWJmP7r9e1oWA921GdotLw=",
      "requires": {
        "parse-passwd": "http://registry.npmjs.org/parse-passwd/-/parse-passwd-1.0.0.tgz"
      }
    },
    "ini": {
      "version": "http://registry.npmjs.org/ini/-/ini-1.3.4.tgz",
      "integrity": "sha1-BTfLedr1m1mhpRff9wbIbsA5Fi4="
    },
    "is-buffer": {
      "version": "http://registry.npmjs.org/is-buffer/-/is-buffer-1.1.4.tgz",
      "integrity": "sha1-z8hszV3FpS+oBIkRHGkgxFfi2Ys="
    },
    "is-dotfile": {
      "version": "http://registry.npmjs.org/is-dotfile/-/is-dotfile-1.0.2.tgz",
      "integrity": "sha1-LBMjg/ORmfjtwmjKAbmwB9IFzE0="
    },
    "is-equal-shallow": {
      "version": "http://registry.npmjs.org/is-equal-shallow/-/is-equal-shallow-0.1.3.tgz",
      "integrity": "sha1-IjgJj8Ih3gvPpdnqxMRdY4qhxTQ=",
      "requires": {
        "is-primitive": "http://registry.npmjs.org/is-primitive/-/is-primitive-2.0.0.tgz"
      }
    },
    "is-extendable": {
      "version": "http://registry.npmjs.org/is-extendable/-/is-extendable-0.1.1.tgz",
      "integrity": "sha1-YrEQ4omkcUGOPsNqYX1HLjAd/Ik="
    },
    "is-extglob": {
      "version": "http://registry.npmjs.org/is-extglob/-/is-extglob-1.0.0.tgz",
      "integrity": "sha1-rEaBd8SUNAWgkvyPKXYMb/xiBsA="
    },
    "is-glob": {
      "version": "http://registry.npmjs.org/is-glob/-/is-glob-2.0.1.tgz",
      "integrity": "sha1-0Jb5JqPe1WAPP9/ZEZjLCIjC2GM=",
      "requires": {
        "is-extglob": "http://registry.npmjs.org/is-extglob/-/is-extglob-1.0.0.tgz"
      }
    },
    "is-number": {
      "version": "http://registry.npmjs.org/is-number/-/is-number-2.1.0.tgz",
      "integrity": "sha1-Afy7s5NGOlSPL0ZszhbezknbkI8=",
      "requires": {
        "kind-of": "http://registry.npmjs.org/kind-of/-/kind-of-3.1.0.tgz"
      }
    },
    "is-posix-bracket": {
      "version": "http://registry.npmjs.org/is-posix-bracket/-/is-posix-bracket-0.1.1.tgz",
      "integrity": "sha1-MzTceXdDaOkvAW5vvAqI9c1ua8Q="
    },
    "is-primitive": {
      "version": "http://registry.npmjs.org/is-primitive/-/is-primitive-2.0.0.tgz",
      "integrity": "sha1-IHurkWOEmcB7Kt8kCkGochADRXU="
    },
    "is-windows": {
      "version": "http://registry.npmjs.org/is-windows/-/is-windows-0.2.0.tgz",
      "integrity": "sha1-3hqm1j6indJIc3tp8f+LgALSEIw="
    },
    "isarray": {
      "version": "https://registry.npmjs.org/isarray/-/isarray-1.0.0.tgz",
      "integrity": "sha1-u5NdSFgsuhaMBoNJV6VKPgcSTxE="
    },
    "isexe": {
      "version": "http://registry.npmjs.org/isexe/-/isexe-1.1.2.tgz",
      "integrity": "sha1-NvPiLmB1CSD15yQaR2qMakInWtA="
    },
    "isobject": {
      "version": "http://registry.npmjs.org/isobject/-/isobject-2.1.0.tgz",
      "integrity": "sha1-8GVWEJaj8dou9GJy+BXIQNh+DIk=",
      "requires": {
        "isarray": "https://registry.npmjs.org/isarray/-/isarray-1.0.0.tgz"
      }
    },
    "kind-of": {
      "version": "http://registry.npmjs.org/kind-of/-/kind-of-3.1.0.tgz",
      "integrity": "sha1-R11pil5J/15T0U4+cyQp3Iv0z0c=",
      "requires": {
        "is-buffer": "http://registry.npmjs.org/is-buffer/-/is-buffer-1.1.4.tgz"
      }
    },
    "merge": {
      "version": "http://registry.npmjs.org/merge/-/merge-1.2.0.tgz",
      "integrity": "sha1-dTHjnUlJwoGma4xabgJl6LBYlNo="
    },
    "micromatch": {
      "version": "http://registry.npmjs.org/micromatch/-/micromatch-2.3.11.tgz",
      "integrity": "sha1-hmd8l9FyCzY0MdBNDRUpO9OMFWU=",
      "requires": {
        "arr-diff": "http://registry.npmjs.org/arr-diff/-/arr-diff-2.0.0.tgz",
        "array-unique": "http://registry.npmjs.org/array-unique/-/array-unique-0.2.1.tgz",
        "braces": "http://registry.npmjs.org/braces/-/braces-1.8.5.tgz",
        "expand-brackets": "http://registry.npmjs.org/expand-brackets/-/expand-brackets-0.1.5.tgz",
        "extglob": "http://registry.npmjs.org/extglob/-/extglob-0.3.2.tgz",
        "filename-regex": "http://registry.npmjs.org/filename-regex/-/filename-regex-2.0.0.tgz",
        "is-extglob": "http://registry.npmjs.org/is-extglob/-/is-extglob-1.0.0.tgz",
        "is-glob": "http://registry.npmjs.org/is-glob/-/is-glob-2.0.1.tgz",
        "kind-of": "http://registry.npmjs.org/kind-of/-/kind-of-3.1.0.tgz",
        "normalize-path": "http://registry.npmjs.org/normalize-path/-/normalize-path-2.0.1.tgz",
        "object.omit": "http://registry.npmjs.org/object.omit/-/object.omit-2.0.1.tgz",
        "parse-glob": "http://registry.npmjs.org/parse-glob/-/parse-glob-3.0.4.tgz",
        "regex-cache": "http://registry.npmjs.org/regex-cache/-/regex-cache-0.4.3.tgz"
      }
    },
    "nan": {
      "version": "2.7.0",
      "resolved": "https://registry.npmjs.org/nan/-/nan-2.7.0.tgz",
      "integrity": "sha1-2Vv3IeyHfgjbJ27T/G63j5CDrUY="
    },
    "normalize-path": {
      "version": "http://registry.npmjs.org/normalize-path/-/normalize-path-2.0.1.tgz",
      "integrity": "sha1-R4hqwWYnYNQmG32XnSQXCdPOP3o="
    },
    "object.omit": {
      "version": "http://registry.npmjs.org/object.omit/-/object.omit-2.0.1.tgz",
      "integrity": "sha1-Gpx0SCnznbuFjHbKNXmuKlTr0fo=",
      "requires": {
        "for-own": "http://registry.npmjs.org/for-own/-/for-own-0.1.5.tgz",
        "is-extendable": "http://registry.npmjs.org/is-extendable/-/is-extendable-0.1.1.tgz"
      }
    },
    "os-homedir": {
      "version": "http://registry.npmjs.org/os-homedir/-/os-homedir-1.0.2.tgz",
      "integrity": "sha1-/7xJiDNuDoM94MFox+8VISGqf7M="
    },
    "parse-glob": {
      "version": "http://registry.npmjs.org/parse-glob/-/parse-glob-3.0.4.tgz",
      "integrity": "sha1-ssN2z7EfNVE7rdFz7wu246OIORw=",
      "requires": {
        "glob-base": "http://registry.npmjs.org/glob-base/-/glob-base-0.3.0.tgz",
        "is-dotfile": "http://registry.npmjs.org/is-dotfile/-/is-dotfile-1.0.2.tgz",
        "is-extglob": "http://registry.npmjs.org/is-extglob/-/is-extglob-1.0.0.tgz",
        "is-glob": "http://registry.npmjs.org/is-glob/-/is-glob-2.0.1.tgz"
      }
    },
    "parse-passwd": {
      "version": "http://registry.npmjs.org/parse-passwd/-/parse-passwd-1.0.0.tgz",
      "integrity": "sha1-bVuTSkVpk7I9N/QKOC1vFmao5cY="
    },
    "preserve": {
      "version": "http://registry.npmjs.org/preserve/-/preserve-0.2.0.tgz",
      "integrity": "sha1-gV7R9uvGWSb4ZbMQwHE7yzMVzks="
    },
    "randomatic": {
      "version": "http://registry.npmjs.org/randomatic/-/randomatic-1.1.6.tgz",
      "integrity": "sha1-EQ3Kv/OX6dz/fAeJzMCkmt8exbs=",
      "requires": {
        "is-number": "http://registry.npmjs.org/is-number/-/is-number-2.1.0.tgz",
        "kind-of": "http://registry.npmjs.org/kind-of/-/kind-of-3.1.0.tgz"
      }
    },
    "regex-cache": {
      "version": "http://registry.npmjs.org/regex-cache/-/regex-cache-0.4.3.tgz",
      "integrity": "sha1-mxpsNdTQ3871cRrmUejp09cRQUU=",
      "requires": {
        "is-equal-shallow": "http://registry.npmjs.org/is-equal-shallow/-/is-equal-shallow-0.1.3.tgz",
        "is-primitive": "http://registry.npmjs.org/is-primitive/-/is-primitive-2.0.0.tgz"
      }
    },
    "repeat-element": {
      "version": "http://registry.npmjs.org/repeat-element/-/repeat-element-1.1.2.tgz",
      "integrity": "sha1-7wiaF40Ug7quTZPrmLT55OEdmQo="
    },
    "repeat-string": {
      "version": "http://registry.npmjs.org/repeat-string/-/repeat-string-1.6.1.tgz",
      "integrity": "sha1-jcrkcOHIirwtYA//Sndihtp15jc="
    },
    "resolve-dir": {
      "version": "http://registry.npmjs.org/resolve-dir/-/resolve-dir-0.1.1.tgz",
      "integrity": "sha1-shklmlYC+sXFxJatiUpujMQwJh4=",
      "requires": {
        "expand-tilde": "http://registry.npmjs.org/expand-tilde/-/expand-tilde-1.2.2.tgz",
        "global-modules": "http://registry.npmjs.org/global-modules/-/global-modules-0.2.3.tgz"
      }
    },
    "which": {
      "version": "http://registry.npmjs.org/which/-/which-1.2.12.tgz",
      "integrity": "sha1-3me15FAmnxlJCe8j7OTr5Bb6EZI=",
      "requires": {
        "isexe": "http://registry.npmjs.org/isexe/-/isexe-1.1.2.tgz"
      }
    }
  }
}
